hash: 0d3bbdb7093d8f7c399bd80cb08d924fba5adc0d67793a56c1486f857f9b6d59
updated: 2017-01-16T05:48:02.592669461Z
imports:
- name: github.com/alexcesaro/statsd
  version: 7fea3f0d2fab1ad973e641e51dba45443a311a90
- name: github.com/blendlabs/go-exception
  version: 3016f62c905ec9aab528104ef58ac4f5cd395a22
- name: github.com/bshuster-repo/logrus-logstash-hook
  version: 5f729f2fb50a301153cae84ff5c58981d51c095a
- name: github.com/cenkalti/backoff
  version: b02f2bbce11d7ea6b97f282ef1771b0fe2f65ef3
- name: github.com/davecgh/go-spew
  version: 6d212800a42e8ab5c146b8ace3490ee17e5225f9
  subpackages:
  - spew
- name: github.com/dgrijalva/jwt-go
  version: 40bd0f3b4891a9d7f121bfb7b8e8b0525625e262
- name: github.com/eapache/go-resiliency
  version: 6800482f2c813e689c88b7ed3282262385011890
  subpackages:
  - breaker
  - deadline
- name: github.com/fatih/color
  version: 34e4ee095d12986a2cef5ddb9aeb3b8cfcfea17c
- name: github.com/go-playground/universal-translator
  version: fc73d0c4bd37070e0d34e3647253565ff7847264
- name: github.com/golang/freetype
  version: d9be45aaf7452cc30c0ceb1b1bf7efe1d17b7c87
  subpackages:
  - raster
  - truetype
- name: github.com/golang/glog
  version: 23def4e6c14b4da8ac2ed8007337bc5eb5007998
- name: github.com/golang/protobuf
  version: 8ee79997227bf9b34611aee7946ae64735e6fd93
  subpackages:
  - proto
- name: github.com/gorilla/context
  version: 1ea25387ff6f684839d82767c1733ff4d4d15d0a
- name: github.com/gorilla/mux
  version: a49d62f618e6dc4a7a7d1f0ad69744a158c21f23
- name: github.com/gorilla/websocket
  version: 1f512fc3f05332ba7117626cdfb4e07474e58e60
- name: github.com/hashicorp/consul
  version: 1380fdbb92a05adbd59a810e9da1d236f94c8702
  subpackages:
  - api
  - watch
- name: github.com/hashicorp/go-cleanhttp
  version: ad28ea4487f05916463e2423a55166280e8254b5
- name: github.com/hashicorp/serf
  version: d3a67ab21bc8a4643fa53a3633f2d951dd50c6ca
  subpackages:
  - coordinate
- name: github.com/juju/ratelimit
  version: 77ed1c8a01217656d2080ad51981f6e99adaa177
- name: github.com/koding/cache
  version: e8a81b0b3f20f895153311abde1062894b5912d6
- name: github.com/koding/kite
  version: 4e1bc06aecf5e401757e07aef8eb8fa723e6ab7d
  subpackages:
  - config
  - dnode
  - kitekey
  - protocol
  - sockjsclient
  - systeminfo
  - utils
- name: github.com/koding/logging
  version: 8b5a689ed69b1c7cd1e3595276fc2a352d7818e0
- name: github.com/mattn/go-colorable
  version: d228849504861217f796da67fae4f6e347643f15
- name: github.com/mattn/go-isatty
  version: 66b8e73f3f5cda9f96b69efd03dd3d7fc4a5cdb8
- name: github.com/micro/cli
  version: 3d2263bb092286dde294a31049c92665f8373820
- name: github.com/micro/go-micro
  version: 238c99d2287693ae9077c8ca341e267463c3b1bc
  subpackages:
  - broker
  - broker/codec
  - broker/codec/json
  - broker/http
  - client
  - client/rpc
  - cmd
  - codec
  - codec/jsonrpc
  - codec/protorpc
  - errors
  - metadata
  - registry
  - registry/consul
  - registry/mdns
  - selector
  - selector/cache
  - server
  - server/debug
  - server/debug/proto
  - transport
  - transport/codec
  - transport/http
- name: github.com/micro/mdns
  version: cdf30746f9f70dc7a366d3d885792a092fd83102
- name: github.com/micro/misc
  version: d090a0434084e482de5c73e8892b56d291881ec9
  subpackages:
  - lib/addr
  - lib/net
  - lib/tls
- name: github.com/miekg/dns
  version: ca336a1f95a6b89be9c250df26c7a41742eb4a6f
- name: github.com/mitchellh/hashstructure
  version: ab25296c0f51f1022f01cd99dfb45f1775de8799
- name: github.com/nicholasjackson/bench
  version: 66694b357256efb8de8e453332fd21b394894337
  subpackages:
  - errors
  - output
  - results
  - semaphore
  - util
- name: github.com/pborman/uuid
  version: c55201b036063326c5b1b89ccfe45a184973d073
- name: github.com/pmezard/go-difflib
  version: d8ed2627bdf02c080bf22230dbb337003b7aba2d
  subpackages:
  - difflib
- name: github.com/satori/go.uuid
  version: b061729afc07e77a8aa4fad0a2fd840958f1942a
- name: github.com/Sirupsen/logrus
  version: d26492970760ca5d33129d2d799e34be5c4782eb
- name: github.com/stretchr/objx
  version: cbeaeb16a013161a98496fad62933b1d21786672
- name: github.com/stretchr/testify
  version: 69483b4bd14f5845b5a1e55bca19e954e827f1d0
  subpackages:
  - assert
  - mock
- name: github.com/wcharczuk/go-chart
  version: fc2973067ce43455507ea5f9aa9814aabbf8f2ca
  subpackages:
  - drawing
- name: golang.org/x/crypto
  version: 1e61df8d9ea476e2e1504cd9a32b40280c7c6c7e
  subpackages:
  - ssh/terminal
- name: golang.org/x/image
  version: 1ff62c92167a10494f3e0b1e77cb67860a6ac43a
  subpackages:
  - draw
  - font
  - math/f64
  - math/fixed
- name: golang.org/x/net
  version: 0e2717dc3cc05907dc23096ef3a9086ea93f567f
  subpackages:
  - bpf
  - context
  - http2
  - http2/hpack
  - idna
  - internal/iana
  - internal/netreflect
  - internal/timeseries
  - ipv4
  - ipv6
  - lex/httplex
  - trace
- name: golang.org/x/sys
  version: e82cb4d7dffc35bcec7bc8bf9e402377e0ecf3f4
  subpackages:
  - unix
- name: google.golang.org/grpc
  version: 708a7f9f3283aa2d4f6132d287d78683babe55c8
  subpackages:
  - codes
  - credentials
  - grpclog
  - internal
  - metadata
  - naming
  - peer
  - stats
  - tap
  - transport
- name: gopkg.in/alexcesaro/statsd.v2
  version: 7fea3f0d2fab1ad973e641e51dba45443a311a90
- name: gopkg.in/go-playground/validator.v9
  version: 077c3830f3971d4a44a94c2249b67ce8c53198fc
- name: gopkg.in/igm/sockjs-go.v2
  version: d276e9ffe5cc5c271b81198cc77a2adf6c4482d2
  subpackages:
  - sockjs
- name: gopkg.in/mgo.v2
  version: 3f83fa5005286a7fe593b055f0d7771a7dce4655
  subpackages:
  - bson
  - internal/json
  - internal/sasl
  - internal/scram
- name: labix.org/v2/mgo
  version: "287"
  subpackages:
  - bson
  - sasl
testImports:
- name: github.com/alecthomas/assert
  version: 561411bbb7e98b005e520f4c0f491c2d23782048
- name: github.com/alecthomas/colour
  version: 60882d9e27213e8552dcff6328914fe4c2b44bc9
- name: github.com/alecthomas/repr
  version: d44565ca483f0ed23c2ac9cda62c966b116e77a3
- name: github.com/DATA-DOG/godog
  version: 2e189ad0f9dee046e42bb5f04a7ec5e91ec0700e
  subpackages:
  - colors
  - gherkin
- name: github.com/go-playground/locales
  version: 273913d3b2ff7127452603d55dd3f6f888e4f268
  subpackages:
  - currency
- name: github.com/sergi/go-diff
  version: 552b4e9bbdca9e5adafd95ee98c822fdd11b330b
  subpackages:
  - diffmatchpatch
